
Microsoft Visual Studio Solution File, Format Version 12.00
# Visual Studio 15
VisualStudioVersion = 15.0.27428.2043
MinimumVisualStudioVersion = 10.0.40219.1
Project("{FAE04EC0-301F-11D3-BF4B-00C04F79EFBC}") = "GeCord", "GeCord\GeCord.csproj", "{2B6B266B-91D2-4BE3-A20F-457A656113AB}"
EndProject
Project("{FAE04EC0-301F-11D3-BF4B-00C04F79EFBC}") = "GeCord Wrapper", "GeCord Wrapper\GeCord Wrapper.csproj", "{FE5B4D9B-49A1-423A-BF67-C869E785D1D6}"
EndProject
Global
	GlobalSection(SolutionConfigurationPlatforms) = preSolution
		Debug|Any CPU = Debug|Any CPU
		Release|Any CPU = Release|Any CPU
	EndGlobalSection
	GlobalSection(ProjectConfigurationPlatforms) = postSolution
		{2B6B266B-91D2-4BE3-A20F-457A656113AB}.Debug|Any CPU.ActiveCfg = Debug|Any CPU
		{2B6B266B-91D2-4BE3-A20F-457A656113AB}.Debug|Any CPU.Build.0 = Debug|Any CPU
		{2B6B266B-91D2-4BE3-A20F-457A656113AB}.Release|Any CPU.ActiveCfg = Release|Any CPU
		{2B6B266B-91D2-4BE3-A20F-457A656113AB}.Release|Any CPU.Build.0 = Release|Any CPU
		{FE5B4D9B-49A1-423A-BF67-C869E785D1D6}.Debug|Any CPU.ActiveCfg = Debug|Any CPU
		{FE5B4D9B-49A1-423A-BF67-C869E785D1D6}.Debug|Any CPU.Build.0 = Debug|Any CPU
		{FE5B4D9B-49A1-423A-BF67-C869E785D1D6}.Release|Any CPU.ActiveCfg = Release|Any CPU
		{FE5B4D9B-49A1-423A-BF67-C869E785D1D6}.Release|Any CPU.Build.0 = Release|Any CPU
	EndGlobalSection
	GlobalSection(SolutionProperties) = preSolution
		HideSolutionNode = FALSE
	EndGlobalSection
	GlobalSection(ExtensibilityGlobals) = postSolution
		SolutionGuid = {39480ACC-45BD-442F-AD21-39F9018B1050}
	EndGlobalSection
EndGlobal
